
Microsoft Visual Studio Solution File, Format Version 12.00
# Visual Studio Version 16
VisualStudioVersion = 16.0.28729.10
MinimumVisualStudioVersion = 10.0.40219.1
Project("{8BC9CEB8-8B4A-11D0-8D11-00A0C91BC942}") = "Client", "Client\Client.vcxproj", "{09836F57-A7D8-45A1-9060-441368FF6C79}"
EndProject
Project("{8BC9CEB8-8B4A-11D0-8D11-00A0C91BC942}") = "Server", "Server\Server.vcxproj", "{1FEB00A8-2C07-4104-9666-9AA7FC52567D}"
EndProject
Project("{8BC9CEB8-8B4A-11D0-8D11-00A0C91BC942}") = "Client_GUI", "Client_GUI\Client_GUI.vcxproj", "{DB22C73F-F181-41B4-BCE1-D0DA457FA904}"
EndProject
Global
	GlobalSection(SolutionConfigurationPlatforms) = preSolution
		Debug|x64 = Debug|x64
		Debug|x86 = Debug|x86
		Release|x64 = Release|x64
		Release|x86 = Release|x86
	EndGlobalSection
	GlobalSection(ProjectConfigurationPlatforms) = postSolution
		{09836F57-A7D8-45A1-9060-441368FF6C79}.Debug|x64.ActiveCfg = Debug|x64
		{09836F57-A7D8-45A1-9060-441368FF6C79}.Debug|x64.Build.0 = Debug|x64
		{09836F57-A7D8-45A1-9060-441368FF6C79}.Debug|x86.ActiveCfg = Debug|Win32
		{09836F57-A7D8-45A1-9060-441368FF6C79}.Debug|x86.Build.0 = Debug|Win32
		{09836F57-A7D8-45A1-9060-441368FF6C79}.Release|x64.ActiveCfg = Release|x64
		{09836F57-A7D8-45A1-9060-441368FF6C79}.Release|x64.Build.0 = Release|x64
		{09836F57-A7D8-45A1-9060-441368FF6C79}.Release|x86.ActiveCfg = Release|Win32
		{09836F57-A7D8-45A1-9060-441368FF6C79}.Release|x86.Build.0 = Release|Win32
		{1FEB00A8-2C07-4104-9666-9AA7FC52567D}.Debug|x64.ActiveCfg = Debug|x64
		{1FEB00A8-2C07-4104-9666-9AA7FC52567D}.Debug|x64.Build.0 = Debug|x64
		{1FEB00A8-2C07-4104-9666-9AA7FC52567D}.Debug|x86.ActiveCfg = Debug|Win32
		{1FEB00A8-2C07-4104-9666-9AA7FC52567D}.Debug|x86.Build.0 = Debug|Win32
		{1FEB00A8-2C07-4104-9666-9AA7FC52567D}.Release|x64.ActiveCfg = Release|x64
		{1FEB00A8-2C07-4104-9666-9AA7FC52567D}.Release|x64.Build.0 = Release|x64
		{1FEB00A8-2C07-4104-9666-9AA7FC52567D}.Release|x86.ActiveCfg = Release|Win32
		{1FEB00A8-2C07-4104-9666-9AA7FC52567D}.Release|x86.Build.0 = Release|Win32
		{DB22C73F-F181-41B4-BCE1-D0DA457FA904}.Debug|x64.ActiveCfg = Debug|x64
		{DB22C73F-F181-41B4-BCE1-D0DA457FA904}.Debug|x64.Build.0 = Debug|x64
		{DB22C73F-F181-41B4-BCE1-D0DA457FA904}.Debug|x86.ActiveCfg = Debug|Win32
		{DB22C73F-F181-41B4-BCE1-D0DA457FA904}.Debug|x86.Build.0 = Debug|Win32
		{DB22C73F-F181-41B4-BCE1-D0DA457FA904}.Release|x64.ActiveCfg = Release|x64
		{DB22C73F-F181-41B4-BCE1-D0DA457FA904}.Release|x64.Build.0 = Release|x64
		{DB22C73F-F181-41B4-BCE1-D0DA457FA904}.Release|x86.ActiveCfg = Release|Win32
		{DB22C73F-F181-41B4-BCE1-D0DA457FA904}.Release|x86.Build.0 = Release|Win32
	EndGlobalSection
	GlobalSection(SolutionProperties) = preSolution
		HideSolutionNode = FALSE
	EndGlobalSection
	GlobalSection(ExtensibilityGlobals) = postSolution
		SolutionGuid = {43F45723-FFB8-45B7-85AD-DF97E8E0F29B}
	EndGlobalSection
EndGlobal
